
Microsoft Visual Studio Solution File, Format Version 12.00
# Visual Studio 15
VisualStudioVersion = 15.0.28307.572
MinimumVisualStudioVersion = 10.0.40219.1
Project("{9A19103F-16F7-4668-BE54-9A1E7A4F7556}") = "Delobytes.AspNetCore", "src\Delobytes.AspNetCore.csproj", "{8152A837-6E8F-420D-90A4-F0B584D10D82}"
EndProject
Global
	GlobalSection(SolutionConfigurationPlatforms) = preSolution
		Debug|Any CPU = Debug|Any CPU
		Release|Any CPU = Release|Any CPU
	EndGlobalSection
	GlobalSection(ProjectConfigurationPlatforms) = postSolution
		{8152A837-6E8F-420D-90A4-F0B584D10D82}.Debug|Any CPU.ActiveCfg = Debug|Any CPU
		{8152A837-6E8F-420D-90A4-F0B584D10D82}.Debug|Any CPU.Build.0 = Debug|Any CPU
		{8152A837-6E8F-420D-90A4-F0B584D10D82}.Release|Any CPU.ActiveCfg = Release|Any CPU
		{8152A837-6E8F-420D-90A4-F0B584D10D82}.Release|Any CPU.Build.0 = Release|Any CPU
	EndGlobalSection
	GlobalSection(SolutionProperties) = preSolution
		HideSolutionNode = FALSE
	EndGlobalSection
	GlobalSection(ExtensibilityGlobals) = postSolution
		SolutionGuid = {388E9060-CB1F-4530-B175-B1AC09D6E7C9}
	EndGlobalSection
EndGlobal
